PODS:
  - Braintree/Apple-Pay (4.34.0):
    - Braintree/Core
  - Braintree/Card (4.34.0):
    - Braintree/Core
  - Braintree/Core (4.34.0)
  - Braintree/PaymentFlow (4.34.0):
    - Braintree/Card
    - Braintree/Core
    - Braintree/PayPalOneTouch
  - Braintree/PayPal (4.34.0):
    - Braintree/Core
    - Braintree/PayPalOneTouch
  - Braintree/PayPalDataCollector (4.34.0):
    - Braintree/Core
    - Braintree/PayPalUtils
  - Braintree/PayPalOneTouch (4.34.0):
    - Braintree/Core
    - Braintree/PayPalDataCollector
    - Braintree/PayPalUtils
  - Braintree/PayPalUtils (4.34.0)
  - Braintree/UnionPay (4.34.0):
    - Braintree/Card
    - Braintree/Core
  - BraintreeDropIn (8.1.0):
    - BraintreeDropIn/DropIn (= 8.1.0)
  - BraintreeDropIn/DropIn (8.1.0):
    - Braintree/Card (~> 4.32)
    - Braintree/Core (~> 4.32)
    - Braintree/PaymentFlow (~> 4.32)
    - Braintree/PayPal (~> 4.32)
    - Braintree/UnionPay (~> 4.32)
    - BraintreeDropIn/UIKit
  - BraintreeDropIn/UIKit (8.1.0)
  - Flutter (1.0.0)
  - flutter_braintree (1.0.0):
    - Braintree/Apple-Pay (~> 4.34.0)
    - Braintree/PaymentFlow (~> 4.34.0)
    - Braintree/PayPal (~> 4.34.0)
    - BraintreeDropIn (= 8.1.0)
    - Flutter

DEPENDENCIES:
  - Flutter (from `.symlinks/flutter/ios`)
  - flutter_braintree (from `.symlinks/plugins/flutter_braintree/ios`)

SPEC REPOS:
  trunk:
    - Braintree
    - BraintreeDropIn

EXTERNAL SOURCES:
  Flutter:
    :path: ".symlinks/flutter/ios"
  flutter_braintree:
    :path: ".symlinks/plugins/flutter_braintree/ios"

SPEC CHECKSUMS:
  Braintree: 48154e70306eb3e6c81eaa87bbc5c5988c0d2784
  BraintreeDropIn: fc3e96a8a2b5416e5e3a3beba119f0089713bc1e
  Flutter: 0e3d915762c693b495b44d77113d4970485de6ec
  flutter_braintree: 070109f902e63ec225cc5b889b9fa1722bae7abc

PODFILE CHECKSUM: 89fadaa6b78385c7d4342612081c9d2b9aa1a913

COCOAPODS: 1.9.3
