PODS:
  - Braintree/Apple-Pay (4.37.0):
    - Braintree/Core
  - Braintree/Card (4.37.0):
    - Braintree/Core
  - Braintree/Core (4.37.0)
  - Braintree/DataCollector (4.37.0):
    - Braintree/Core
  - Braintree/PaymentFlow (4.37.0):
    - Braintree/Card
    - Braintree/Core
    - Braintree/PayPalOneTouch
  - Braintree/PayPal (4.37.0):
    - Braintree/Core
    - Braintree/PayPalOneTouch
  - Braintree/PayPalDataCollector (4.37.0):
    - Braintree/Core
    - Braintree/PayPalUtils
  - Braintree/PayPalOneTouch (4.37.0):
    - Braintree/Core
    - Braintree/PayPalDataCollector
    - Braintree/PayPalUtils
  - Braintree/PayPalUtils (4.37.0)
  - Braintree/UnionPay (4.37.0):
    - Braintree/Card
    - Braintree/Core
  - BraintreeDropIn (8.1.2):
    - BraintreeDropIn/DropIn (= 8.1.2)
  - BraintreeDropIn/DropIn (8.1.2):
    - Braintree/Card (~> 4.32)
    - Braintree/Core (~> 4.32)
    - Braintree/PaymentFlow (~> 4.32)
    - Braintree/PayPal (~> 4.32)
    - Braintree/UnionPay (~> 4.32)
    - BraintreeDropIn/UIKit
  - BraintreeDropIn/UIKit (8.1.2)
  - Flutter (1.0.0)
  - flutter_braintree (1.0.0):
    - Braintree/Apple-Pay (~> 4.37.0)
    - Braintree/DataCollector (~> 4.37.0)
    - Braintree/PaymentFlow (~> 4.37.0)
    - Braintree/PayPal (~> 4.37.0)
    - BraintreeDropIn (= 8.1.2)
    - Flutter

DEPENDENCIES:
  - Flutter (from `Flutter`)
  - flutter_braintree (from `.symlinks/plugins/flutter_braintree/ios`)

SPEC REPOS:
  trunk:
    - Braintree
    - BraintreeDropIn

EXTERNAL SOURCES:
  Flutter:
    :path: Flutter
  flutter_braintree:
    :path: ".symlinks/plugins/flutter_braintree/ios"

SPEC CHECKSUMS:
  Braintree: e1f291d24a909bfbed88e86a0c3db76f26af9697
  BraintreeDropIn: 50b79151c55f2ffbfbbf9157c2d07d8e85479588
  Flutter: 0e3d915762c693b495b44d77113d4970485de6ec
  flutter_braintree: c88d6857f6f84652a6ffe7caed3b26a83202e9d9

PODFILE CHECKSUM: aafe91acc616949ddb318b77800a7f51bffa2a4c

COCOAPODS: 1.10.1
